# THIS IS AN AUTOGENERATED FILE. DO NOT EDIT THIS FILE DIRECTLY.
# yarn lockfile v1


codemirror@^5.65.0:
  version "5.65.5"
  resolved "https://registry.yarnpkg.com/codemirror/-/codemirror-5.65.5.tgz#f38f0e29945c3464df0c81f946fcd9a063fa2024"
  integrity sha512-HNyhvGLnYz5c+kIsB9QKVitiZUevha3ovbIYaQiGzKo7ECSL/elWD9RXt3JgNr0NdnyqE9/Rc/7uLfkJQL638w==
