github.com/cheekybits/is v0.0.0-20150225183255-68e9c0620927 h1:SKI1/fuSdodxmNNyVBR8d7X/HuLnRpvvFO0AgyQk764=
github.com/cryptix/wav v0.0.0-20180415113528-8bdace674401 h1:rZ+OHHkwlkYALTEd6AYXSL92K/SEc4fkz+TfweIwu6A=
github.com/cryptix/wav v0.0.0-20180415113528-8bdace674401/go.mod h1:knK8fd+KPlGGqSUWogv1DQzGTwnfUvAi0cIoWyOG7+U=
github.com/hajimehoshi/oto/v2 v2.1.0 h1:/h+UkbKzhD7xBHOQlWgKUplBPZ+J4DK3P2Y7g2UF1X4=
github.com/hajimehoshi/oto/v2 v2.1.0/go.mod h1:9i0oYbpJ8BhVGkXDKdXKfFthX1JUNfXjeTp944W8TGM=
gitlab.com/avoronkov/waver v0.0.0-20220531185401-e9356f13a921 h1:Qypp5KItR7iC3F1iTu2Nw88BLu5o5dEX4VSPUyJeN5o=
gitlab.com/avoronkov/waver v0.0.0-20220531185401-e9356f13a921/go.mod h1:3luOI7XGSjRKADAXd4gbnIDCYmLtL9wilf6BOOALjWc=
golang.org/x/sys v0.0.0-20220408201424-a24fb2fb8a0f h1:8w7RhxzTVgUzw/AH/9mUV5q0vMgy40SQRursCcfmkCw=
golang.org/x/sys v0.0.0-20220408201424-a24fb2fb8a0f/go.mod h1:oPkhp1MJrh7nUepCBck5+mAzfO9JrbApNNgaTdGDITg=
